
Microsoft Visual Studio Solution File, Format Version 12.00
# Visual Studio Version 16
VisualStudioVersion = 16.0.30804.86
MinimumVisualStudioVersion = 10.0.40219.1
Project("{9A19103F-16F7-4668-BE54-9A1E7A4F7556}") = "Games.API", "Games.API\Games.API.csproj", "{33317A52-54C6-4E9C-9AC7-17C24D6A8241}"
EndProject
Project("{9A19103F-16F7-4668-BE54-9A1E7A4F7556}") = "Game.App", "Game.App\Game.App.csproj", "{A49E0694-9038-429F-857F-42DF7138AFAA}"
EndProject
Project("{9A19103F-16F7-4668-BE54-9A1E7A4F7556}") = "Game.Test", "Game.Test\Game.Test.csproj", "{E27C57CC-037C-48C5-8BB5-E47BA863D635}"
EndProject
Project("{FAE04EC0-301F-11D3-BF4B-00C04F79EFBC}") = "Game.Library", "Game.Library\Game.Library.csproj", "{264334FA-FDDA-46EF-A2F7-C94518139439}"
EndProject
Global
	GlobalSection(SolutionConfigurationPlatforms) = preSolution
		Debug|Any CPU = Debug|Any CPU
		Release|Any CPU = Release|Any CPU
	EndGlobalSection
	GlobalSection(ProjectConfigurationPlatforms) = postSolution
		{33317A52-54C6-4E9C-9AC7-17C24D6A8241}.Debug|Any CPU.ActiveCfg = Debug|Any CPU
		{33317A52-54C6-4E9C-9AC7-17C24D6A8241}.Debug|Any CPU.Build.0 = Debug|Any CPU
		{33317A52-54C6-4E9C-9AC7-17C24D6A8241}.Release|Any CPU.ActiveCfg = Release|Any CPU
		{33317A52-54C6-4E9C-9AC7-17C24D6A8241}.Release|Any CPU.Build.0 = Release|Any CPU
		{A49E0694-9038-429F-857F-42DF7138AFAA}.Debug|Any CPU.ActiveCfg = Debug|Any CPU
		{A49E0694-9038-429F-857F-42DF7138AFAA}.Debug|Any CPU.Build.0 = Debug|Any CPU
		{A49E0694-9038-429F-857F-42DF7138AFAA}.Release|Any CPU.ActiveCfg = Release|Any CPU
		{A49E0694-9038-429F-857F-42DF7138AFAA}.Release|Any CPU.Build.0 = Release|Any CPU
		{E27C57CC-037C-48C5-8BB5-E47BA863D635}.Debug|Any CPU.ActiveCfg = Debug|Any CPU
		{E27C57CC-037C-48C5-8BB5-E47BA863D635}.Debug|Any CPU.Build.0 = Debug|Any CPU
		{E27C57CC-037C-48C5-8BB5-E47BA863D635}.Release|Any CPU.ActiveCfg = Release|Any CPU
		{E27C57CC-037C-48C5-8BB5-E47BA863D635}.Release|Any CPU.Build.0 = Release|Any CPU
		{264334FA-FDDA-46EF-A2F7-C94518139439}.Debug|Any CPU.ActiveCfg = Debug|Any CPU
		{264334FA-FDDA-46EF-A2F7-C94518139439}.Debug|Any CPU.Build.0 = Debug|Any CPU
		{264334FA-FDDA-46EF-A2F7-C94518139439}.Release|Any CPU.ActiveCfg = Release|Any CPU
		{264334FA-FDDA-46EF-A2F7-C94518139439}.Release|Any CPU.Build.0 = Release|Any CPU
	EndGlobalSection
	GlobalSection(SolutionProperties) = preSolution
		HideSolutionNode = FALSE
	EndGlobalSection
	GlobalSection(ExtensibilityGlobals) = postSolution
		SolutionGuid = {3E3B84D4-A77E-4548-BB96-BBAAF773F1CC}
	EndGlobalSection
EndGlobal
